// !$*UTF8*$!
{
	archiveVersion = 1;
	classes = {
	};
	objectVersion = 46;
	objects = {

/* Begin PBXBuildFile section */
		8A6B19E315485D7900B74F05 /* Foundation.framework in Frameworks */ = {isa = PBXBuildFile; fileRef = 8A6B19E215485D7900B74F05 /* Foundation.framework */; };
		8A6B19E515485D7900B74F05 /* UIKit.framework in Frameworks */ = {isa = PBXBuildFile; fileRef = 8A6B19E415485D7900B74F05 /* UIKit.framework */; };
		8A6B19E715485D7900B74F05 /* CoreGraphics.framework in Frameworks */ = {isa = PBXBuildFile; fileRef = 8A6B19E615485D7900B74F05 /* CoreGraphics.framework */; };
		8A6B19E915485D7900B74F05 /* AddressBook.framework in Frameworks */ = {isa = PBXBuildFile; fileRef = 8A6B19E815485D7900B74F05 /* AddressBook.framework */; };
		8A6B19EB15485D7900B74F05 /* AddressBookUI.framework in Frameworks */ = {isa = PBXBuildFile; fileRef = 8A6B19EA15485D7900B74F05 /* AddressBookUI.framework */; };
		8A6B19ED15485D7900B74F05 /* AudioToolbox.framework in Frameworks */ = {isa = PBXBuildFile; fileRef = 8A6B19EC15485D7900B74F05 /* AudioToolbox.framework */; };
		8A6B19EF15485D7900B74F05 /* AVFoundation.framework in Frameworks */ = {isa = PBXBuildFile; fileRef = 8A6B19EE15485D7900B74F05 /* AVFoundation.framework */; };
		8A6B19F115485D7900B74F05 /* CoreLocation.framework in Frameworks */ = {isa = PBXBuildFile; fileRef = 8A6B19F015485D7900B74F05 /* CoreLocation.framework */; };
		8A6B19F315485D7900B74F05 /* MediaPlayer.framework in Frameworks */ = {isa = PBXBuildFile; fileRef = 8A6B19F215485D7900B74F05 /* MediaPlayer.framework */; };
		8A6B19F515485D7900B74F05 /* QuartzCore.framework in Frameworks */ = {isa = PBXBuildFile; fileRef = 8A6B19F415485D7900B74F05 /* QuartzCore.framework */; };
		8A6B19F715485D7900B74F05 /* SystemConfiguration.framework in Frameworks */ = {isa = PBXBuildFile; fileRef = 8A6B19F615485D7900B74F05 /* SystemConfiguration.framework */; };
		8A6B19F915485D7900B74F05 /* MobileCoreServices.framework in Frameworks */ = {isa = PBXBuildFile; fileRef = 8A6B19F815485D7900B74F05 /* MobileCoreServices.framework */; };
		8A6B19FB15485D7900B74F05 /* CoreMedia.framework in Frameworks */ = {isa = PBXBuildFile; fileRef = 8A6B19FA15485D7900B74F05 /* CoreMedia.framework */; };
		8A6B1A0115485D7900B74F05 /* InfoPlist.strings in Resources */ = {isa = PBXBuildFile; fileRef = 8A6B19FF15485D7900B74F05 /* InfoPlist.strings */; };
		8A6B1A0315485D7900B74F05 /* main.m in Sources */ = {isa = PBXBuildFile; fileRef = 8A6B1A0215485D7900B74F05 /* main.m */; };
		8A6B1A0615485D7900B74F05 /* Cordova.framework in Frameworks */ = {isa = PBXBuildFile; fileRef = 8A6B1A0515485D7900B74F05 /* Cordova.framework */; };
		8A6B1A0B15485D7900B74F05 /* Localizable.strings in Resources */ = {isa = PBXBuildFile; fileRef = 8A6B1A0915485D7900B74F05 /* Localizable.strings */; };
		8A6B1A0F15485D7900B74F05 /* Localizable.strings in Resources */ = {isa = PBXBuildFile; fileRef = 8A6B1A0D15485D7900B74F05 /* Localizable.strings */; };
		8A6B1A1315485D7900B74F05 /* Localizable.strings in Resources */ = {isa = PBXBuildFile; fileRef = 8A6B1A1115485D7900B74F05 /* Localizable.strings */; };
		8A6B1A1715485D7900B74F05 /* Localizable.strings in Resources */ = {isa = PBXBuildFile; fileRef = 8A6B1A1515485D7900B74F05 /* Localizable.strings */; };
		8A6B1A1A15485D7900B74F05 /* icon.png in Resources */ = {isa = PBXBuildFile; fileRef = 8A6B1A1915485D7900B74F05 /* icon.png */; };
		8A6B1A1C15485D7900B74F05 /* icon@2x.png in Resources */ = {isa = PBXBuildFile; fileRef = 8A6B1A1B15485D7900B74F05 /* icon@2x.png */; };
		8A6B1A1E15485D7900B74F05 /* icon-72.png in Resources */ = {isa = PBXBuildFile; fileRef = 8A6B1A1D15485D7900B74F05 /* icon-72.png */; };
		8A6B1A2115485D7900B74F05 /* Default.png in Resources */ = {isa = PBXBuildFile; fileRef = 8A6B1A2015485D7900B74F05 /* Default.png */; };
		8A6B1A2315485D7900B74F05 /* Default@2x.png in Resources */ = {isa = PBXBuildFile; fileRef = 8A6B1A2215485D7900B74F05 /* Default@2x.png */; };
		8A6B1A2515485D7900B74F05 /* Capture.bundle in Resources */ = {isa = PBXBuildFile; fileRef = 8A6B1A2415485D7900B74F05 /* Capture.bundle */; };
		8A6B1A2715485D7900B74F05 /* Cordova.plist in Resources */ = {isa = PBXBuildFile; fileRef = 8A6B1A2615485D7900B74F05 /* Cordova.plist */; };
		8A6B1A2B15485D7900B74F05 /* AppDelegate.m in Sources */ = {isa = PBXBuildFile; fileRef = 8A6B1A2A15485D7900B74F05 /* AppDelegate.m */; };
		8A6B1A2E15485D7900B74F05 /* MainViewController.m in Sources */ = {isa = PBXBuildFile; fileRef = 8A6B1A2D15485D7900B74F05 /* MainViewController.m */; };
		8A6B1A3015485D7900B74F05 /* MainViewController.xib in Resources */ = {isa = PBXBuildFile; fileRef = 8A6B1A2F15485D7900B74F05 /* MainViewController.xib */; };
		8A6B1A3415485D7900B74F05 /* verify.sh in Resources */ = {isa = PBXBuildFile; fileRef = 8A6B1A3315485D7900B74F05 /* verify.sh */; };
		8A6B1A4515485DE500B74F05 /* www in Resources */ = {isa = PBXBuildFile; fileRef = 8A6B1A4415485DE500B74F05 /* www */; };
/* End PBXBuildFile section */

/* Begin PBXFileReference section */
		8A6B19DE15485D7800B74F05 /* Bathe.app */ = {isa = PBXFileReference; explicitFileType = wrapper.application; includeInIndex = 0; path = Bathe.app; sourceTree = BUILT_PRODUCTS_DIR; };
		8A6B19E215485D7900B74F05 /* Foundation.framework */ = {isa = PBXFileReference; lastKnownFileType = wrapper.framework; name = Foundation.framework; path = System/Library/Frameworks/Foundation.framework; sourceTree = SDKROOT; };
		8A6B19E415485D7900B74F05 /* UIKit.framework */ = {isa = PBXFileReference; lastKnownFileType = wrapper.framework; name = UIKit.framework; path = System/Library/Frameworks/UIKit.framework; sourceTree = SDKROOT; };
		8A6B19E615485D7900B74F05 /* CoreGraphics.framework */ = {isa = PBXFileReference; lastKnownFileType = wrapper.framework; name = CoreGraphics.framework; path = System/Library/Frameworks/CoreGraphics.framework; sourceTree = SDKROOT; };
		8A6B19E815485D7900B74F05 /* AddressBook.framework */ = {isa = PBXFileReference; lastKnownFileType = wrapper.framework; name = AddressBook.framework; path = System/Library/Frameworks/AddressBook.framework; sourceTree = SDKROOT; };
		8A6B19EA15485D7900B74F05 /* AddressBookUI.framework */ = {isa = PBXFileReference; lastKnownFileType = wrapper.framework; name = AddressBookUI.framework; path = System/Library/Frameworks/AddressBookUI.framework; sourceTree = SDKROOT; };
		8A6B19EC15485D7900B74F05 /* AudioToolbox.framework */ = {isa = PBXFileReference; lastKnownFileType = wrapper.framework; name = AudioToolbox.framework; path = System/Library/Frameworks/AudioToolbox.framework; sourceTree = SDKROOT; };
		8A6B19EE15485D7900B74F05 /* AVFoundation.framework */ = {isa = PBXFileReference; lastKnownFileType = wrapper.framework; name = AVFoundation.framework; path = System/Library/Frameworks/AVFoundation.framework; sourceTree = SDKROOT; };
		8A6B19F015485D7900B74F05 /* CoreLocation.framework */ = {isa = PBXFileReference; lastKnownFileType = wrapper.framework; name = CoreLocation.framework; path = System/Library/Frameworks/CoreLocation.framework; sourceTree = SDKROOT; };
		8A6B19F215485D7900B74F05 /* MediaPlayer.framework */ = {isa = PBXFileReference; lastKnownFileType = wrapper.framework; name = MediaPlayer.framework; path = System/Library/Frameworks/MediaPlayer.framework; sourceTree = SDKROOT; };
		8A6B19F415485D7900B74F05 /* QuartzCore.framework */ = {isa = PBXFileReference; lastKnownFileType = wrapper.framework; name = QuartzCore.framework; path = System/Library/Frameworks/QuartzCore.framework; sourceTree = SDKROOT; };
		8A6B19F615485D7900B74F05 /* SystemConfiguration.framework */ = {isa = PBXFileReference; lastKnownFileType = wrapper.framework; name = SystemConfiguration.framework; path = System/Library/Frameworks/SystemConfiguration.framework; sourceTree = SDKROOT; };
		8A6B19F815485D7900B74F05 /* MobileCoreServices.framework */ = {isa = PBXFileReference; lastKnownFileType = wrapper.framework; name = MobileCoreServices.framework; path = System/Library/Frameworks/MobileCoreServices.framework; sourceTree = SDKROOT; };
		8A6B19FA15485D7900B74F05 /* CoreMedia.framework */ = {isa = PBXFileReference; lastKnownFileType = wrapper.framework; name = CoreMedia.framework; path = System/Library/Frameworks/CoreMedia.framework; sourceTree = SDKROOT; };
		8A6B19FE15485D7900B74F05 /* Bathe-Info.plist */ = {isa = PBXFileReference; lastKnownFileType = text.plist.xml; path = "Bathe-Info.plist"; sourceTree = "<group>"; };
		8A6B1A0015485D7900B74F05 /* en */ = {isa = PBXFileReference; lastKnownFileType = text.plist.strings; name = en; path = en.lproj/InfoPlist.strings; sourceTree = "<group>"; };
		8A6B1A0215485D7900B74F05 /* main.m */ = {isa = PBXFileReference; lastKnownFileType = sourcecode.c.objc; path = main.m; sourceTree = "<group>"; };
		8A6B1A0415485D7900B74F05 /* Bathe-Prefix.pch */ = {isa = PBXFileReference; lastKnownFileType = sourcecode.c.h; path = "Bathe-Prefix.pch"; sourceTree = "<group>"; };
		8A6B1A0515485D7900B74F05 /* Cordova.framework */ = {isa = PBXFileReference; lastKnownFileType = wrapper.framework; name = Cordova.framework; path = /Users/Shared/Cordova/Frameworks/Cordova.framework; sourceTree = "<absolute>"; };
		8A6B1A0A15485D7900B74F05 /* en */ = {isa = PBXFileReference; lastKnownFileType = text.plist.strings; name = en; path = Resources/en.lproj/Localizable.strings; sourceTree = "<group>"; };
		8A6B1A0E15485D7900B74F05 /* es */ = {isa = PBXFileReference; lastKnownFileType = text.plist.strings; name = es; path = Resources/es.lproj/Localizable.strings; sourceTree = "<group>"; };
		8A6B1A1215485D7900B74F05 /* de */ = {isa = PBXFileReference; lastKnownFileType = text.plist.strings; name = de; path = Resources/de.lproj/Localizable.strings; sourceTree = "<group>"; };
		8A6B1A1615485D7900B74F05 /* se */ = {isa = PBXFileReference; lastKnownFileType = text.plist.strings; name = se; path = Resources/se.lproj/Localizable.strings; sourceTree = "<group>"; };
		8A6B1A1915485D7900B74F05 /* icon.png */ = {isa = PBXFileReference; lastKnownFileType = image.png; name = icon.png; path = Resources/icons/icon.png; sourceTree = "<group>"; };
		8A6B1A1B15485D7900B74F05 /* icon@2x.png */ = {isa = PBXFileReference; lastKnownFileType = image.png; name = "icon@2x.png"; path = "Resources/icons/icon@2x.png"; sourceTree = "<group>"; };
		8A6B1A1D15485D7900B74F05 /* icon-72.png */ = {isa = PBXFileReference; lastKnownFileType = image.png; name = "icon-72.png"; path = "Resources/icons/icon-72.png"; sourceTree = "<group>"; };
		8A6B1A2015485D7900B74F05 /* Default.png */ = {isa = PBXFileReference; lastKnownFileType = image.png; name = Default.png; path = Resources/splash/Default.png; sourceTree = "<group>"; };
		8A6B1A2215485D7900B74F05 /* Default@2x.png */ = {isa = PBXFileReference; lastKnownFileType = image.png; name = "Default@2x.png"; path = "Resources/splash/Default@2x.png"; sourceTree = "<group>"; };
		8A6B1A2415485D7900B74F05 /* Capture.bundle */ = {isa = PBXFileReference; lastKnownFileType = "wrapper.plug-in"; name = Capture.bundle; path = Resources/Capture.bundle; sourceTree = "<group>"; };
		8A6B1A2615485D7900B74F05 /* Cordova.plist */ = {isa = PBXFileReference; lastKnownFileType = text.plist.xml; path = Cordova.plist; sourceTree = "<group>"; };
		8A6B1A2915485D7900B74F05 /* AppDelegate.h */ = {isa = PBXFileReference; lastKnownFileType = sourcecode.c.h; name = AppDelegate.h; path = Classes/AppDelegate.h; sourceTree = "<group>"; };
		8A6B1A2A15485D7900B74F05 /* AppDelegate.m */ = {isa = PBXFileReference; lastKnownFileType = sourcecode.c.objc; name = AppDelegate.m; path = Classes/AppDelegate.m; sourceTree = "<group>"; };
		8A6B1A2C15485D7900B74F05 /* MainViewController.h */ = {isa = PBXFileReference; lastKnownFileType = sourcecode.c.h; name = MainViewController.h; path = Classes/MainViewController.h; sourceTree = "<group>"; };
		8A6B1A2D15485D7900B74F05 /* MainViewController.m */ = {isa = PBXFileReference; lastKnownFileType = sourcecode.c.objc; name = MainViewController.m; path = Classes/MainViewController.m; sourceTree = "<group>"; };
		8A6B1A2F15485D7900B74F05 /* MainViewController.xib */ = {isa = PBXFileReference; lastKnownFileType = file.xib; name = MainViewController.xib; path = Classes/MainViewController.xib; sourceTree = "<group>"; };
		8A6B1A3215485D7900B74F05 /* README */ = {isa = PBXFileReference; lastKnownFileType = text; name = README; path = Plugins/README; sourceTree = "<group>"; };
		8A6B1A3315485D7900B74F05 /* verify.sh */ = {isa = PBXFileReference; lastKnownFileType = text.script.sh; path = verify.sh; sourceTree = "<group>"; };
		8A6B1A4415485DE500B74F05 /* www */ = {isa = PBXFileReference; lastKnownFileType = folder; path = www; sourceTree = "<group>"; };
/* End PBXFileReference section */

/* Begin PBXFrameworksBuildPhase section */
		8A6B19D815485D7800B74F05 /* Frameworks */ = {
			isa = PBXFrameworksBuildPhase;
			buildActionMask = 2147483647;
			files = (
				8A6B19E315485D7900B74F05 /* Foundation.framework in Frameworks */,
				8A6B19E515485D7900B74F05 /* UIKit.framework in Frameworks */,
				8A6B19E715485D7900B74F05 /* CoreGraphics.framework in Frameworks */,
				8A6B19E915485D7900B74F05 /* AddressBook.framework in Frameworks */,
				8A6B19EB15485D7900B74F05 /* AddressBookUI.framework in Frameworks */,
				8A6B19ED15485D7900B74F05 /* AudioToolbox.framework in Frameworks */,
				8A6B19EF15485D7900B74F05 /* AVFoundation.framework in Frameworks */,
				8A6B19F115485D7900B74F05 /* CoreLocation.framework in Frameworks */,
				8A6B19F315485D7900B74F05 /* MediaPlayer.framework in Frameworks */,
				8A6B19F515485D7900B74F05 /* QuartzCore.framework in Frameworks */,
				8A6B19F715485D7900B74F05 /* SystemConfiguration.framework in Frameworks */,
				8A6B19F915485D7900B74F05 /* MobileCoreServices.framework in Frameworks */,
				8A6B19FB15485D7900B74F05 /* CoreMedia.framework in Frameworks */,
				8A6B1A0615485D7900B74F05 /* Cordova.framework in Frameworks */,
			);
			runOnlyForDeploymentPostprocessing = 0;
		};
		8A6B19DB15485D7800B74F05 /* Frameworks */ = {
			isa = PBXFrameworksBuildPhase;
			buildActionMask = 2147483647;
			files = (
			);
			runOnlyForDeploymentPostprocessing = 0;
		};
/* End PBXFrameworksBuildPhase section */

/* Begin PBXGroup section */
		8A6B19D015485D7800B74F05 = {
			isa = PBXGroup;
			children = (
				8A6B1A4415485DE500B74F05 /* www */,
				8A6B19FC15485D7900B74F05 /* Bathe */,
				8A6B19E115485D7800B74F05 /* Frameworks */,
				8A6B19DF15485D7800B74F05 /* Products */,
			);
			sourceTree = "<group>";
		};
		8A6B19DF15485D7800B74F05 /* Products */ = {
			isa = PBXGroup;
			children = (
				8A6B19DE15485D7800B74F05 /* Bathe.app */,
			);
			name = Products;
			sourceTree = "<group>";
		};
		8A6B19E115485D7800B74F05 /* Frameworks */ = {
			isa = PBXGroup;
			children = (
				8A6B19E215485D7900B74F05 /* Foundation.framework */,
				8A6B19E415485D7900B74F05 /* UIKit.framework */,
				8A6B19E615485D7900B74F05 /* CoreGraphics.framework */,
				8A6B19E815485D7900B74F05 /* AddressBook.framework */,
				8A6B19EA15485D7900B74F05 /* AddressBookUI.framework */,
				8A6B19EC15485D7900B74F05 /* AudioToolbox.framework */,
				8A6B19EE15485D7900B74F05 /* AVFoundation.framework */,
				8A6B19F015485D7900B74F05 /* CoreLocation.framework */,
				8A6B19F215485D7900B74F05 /* MediaPlayer.framework */,
				8A6B19F415485D7900B74F05 /* QuartzCore.framework */,
				8A6B19F615485D7900B74F05 /* SystemConfiguration.framework */,
				8A6B19F815485D7900B74F05 /* MobileCoreServices.framework */,
				8A6B19FA15485D7900B74F05 /* CoreMedia.framework */,
			);
			name = Frameworks;
			sourceTree = "<group>";
		};
		8A6B19FC15485D7900B74F05 /* Bathe */ = {
			isa = PBXGroup;
			children = (
				8A6B1A0515485D7900B74F05 /* Cordova.framework */,
				8A6B1A0715485D7900B74F05 /* Resources */,
				8A6B1A2815485D7900B74F05 /* Classes */,
				8A6B1A3115485D7900B74F05 /* Plugins */,
				8A6B19FD15485D7900B74F05 /* Supporting Files */,
			);
			path = Bathe;
			sourceTree = "<group>";
		};
		8A6B19FD15485D7900B74F05 /* Supporting Files */ = {
			isa = PBXGroup;
			children = (
				8A6B19FE15485D7900B74F05 /* Bathe-Info.plist */,
				8A6B19FF15485D7900B74F05 /* InfoPlist.strings */,
				8A6B1A0215485D7900B74F05 /* main.m */,
				8A6B1A0415485D7900B74F05 /* Bathe-Prefix.pch */,
				8A6B1A2615485D7900B74F05 /* Cordova.plist */,
				8A6B1A2F15485D7900B74F05 /* MainViewController.xib */,
				8A6B1A3315485D7900B74F05 /* verify.sh */,
			);
			name = "Supporting Files";
			sourceTree = "<group>";
		};
		8A6B1A0715485D7900B74F05 /* Resources */ = {
			isa = PBXGroup;
			children = (
				8A6B1A2415485D7900B74F05 /* Capture.bundle */,
				8A6B1A0815485D7900B74F05 /* en.lproj */,
				8A6B1A0C15485D7900B74F05 /* es.lproj */,
				8A6B1A1015485D7900B74F05 /* de.lproj */,
				8A6B1A1415485D7900B74F05 /* se.lproj */,
				8A6B1A1815485D7900B74F05 /* icons */,
				8A6B1A1F15485D7900B74F05 /* splash */,
			);
			name = Resources;
			sourceTree = "<group>";
		};
		8A6B1A0815485D7900B74F05 /* en.lproj */ = {
			isa = PBXGroup;
			children = (
				8A6B1A0915485D7900B74F05 /* Localizable.strings */,
			);
			name = en.lproj;
			sourceTree = "<group>";
		};
		8A6B1A0C15485D7900B74F05 /* es.lproj */ = {
			isa = PBXGroup;
			children = (
				8A6B1A0D15485D7900B74F05 /* Localizable.strings */,
			);
			name = es.lproj;
			sourceTree = "<group>";
		};
		8A6B1A1015485D7900B74F05 /* de.lproj */ = {
			isa = PBXGroup;
			children = (
				8A6B1A1115485D7900B74F05 /* Localizable.strings */,
			);
			name = de.lproj;
			sourceTree = "<group>";
		};
		8A6B1A1415485D7900B74F05 /* se.lproj */ = {
			isa = PBXGroup;
			children = (
				8A6B1A1515485D7900B74F05 /* Localizable.strings */,
			);
			name = se.lproj;
			sourceTree = "<group>";
		};
		8A6B1A1815485D7900B74F05 /* icons */ = {
			isa = PBXGroup;
			children = (
				8A6B1A1915485D7900B74F05 /* icon.png */,
				8A6B1A1B15485D7900B74F05 /* icon@2x.png */,
				8A6B1A1D15485D7900B74F05 /* icon-72.png */,
			);
			name = icons;
			sourceTree = "<group>";
		};
		8A6B1A1F15485D7900B74F05 /* splash */ = {
			isa = PBXGroup;
			children = (
				8A6B1A2015485D7900B74F05 /* Default.png */,
				8A6B1A2215485D7900B74F05 /* Default@2x.png */,
			);
			name = splash;
			sourceTree = "<group>";
		};
		8A6B1A2815485D7900B74F05 /* Classes */ = {
			isa = PBXGroup;
			children = (
				8A6B1A2915485D7900B74F05 /* AppDelegate.h */,
				8A6B1A2A15485D7900B74F05 /* AppDelegate.m */,
				8A6B1A2C15485D7900B74F05 /* MainViewController.h */,
				8A6B1A2D15485D7900B74F05 /* MainViewController.m */,
			);
			name = Classes;
			sourceTree = "<group>";
		};
		8A6B1A3115485D7900B74F05 /* Plugins */ = {
			isa = PBXGroup;
			children = (
				8A6B1A3215485D7900B74F05 /* README */,
			);
			name = Plugins;
			sourceTree = "<group>";
		};
/* End PBXGroup section */

/* Begin PBXNativeTarget section */
		8A6B19DD15485D7800B74F05 /* Bathe */ = {
			isa = PBXNativeTarget;
			buildConfigurationList = 8A6B1A3715485D7900B74F05 /* Build configuration list for PBXNativeTarget "Bathe" */;
			buildPhases = (
				8A6B19D715485D7800B74F05 /* Sources */,
				8A6B19D815485D7800B74F05 /* Frameworks */,
				8A6B19D915485D7800B74F05 /* Resources */,
				8A6B19DA15485D7800B74F05 /* Sources */,
				8A6B19DB15485D7800B74F05 /* Frameworks */,
				8A6B19DC15485D7800B74F05 /* ShellScript */,
			);
			buildRules = (
			);
			dependencies = (
			);
			name = Bathe;
			productName = Bathe;
			productReference = 8A6B19DE15485D7800B74F05 /* Bathe.app */;
			productType = "com.apple.product-type.application";
		};
/* End PBXNativeTarget section */

/* Begin PBXProject section */
		8A6B19D215485D7800B74F05 /* Project object */ = {
			isa = PBXProject;
			attributes = {
				LastUpgradeCheck = 0430;
				ORGANIZATIONNAME = "Aerosoft GmbH";
			};
			buildConfigurationList = 8A6B19D515485D7800B74F05 /* Build configuration list for PBXProject "Bathe" */;
			compatibilityVersion = "Xcode 3.2";
			developmentRegion = English;
			hasScannedForEncodings = 0;
			knownRegions = (
				en,
				es,
				de,
				se,
			);
			mainGroup = 8A6B19D015485D7800B74F05;
			productRefGroup = 8A6B19DF15485D7800B74F05 /* Products */;
			projectDirPath = "";
			projectRoot = "";
			targets = (
				8A6B19DD15485D7800B74F05 /* Bathe */,
			);
		};
/* End PBXProject section */

/* Begin PBXResourcesBuildPhase section */
		8A6B19D915485D7800B74F05 /* Resources */ = {
			isa = PBXResourcesBuildPhase;
			buildActionMask = 2147483647;
			files = (
				8A6B1A0115485D7900B74F05 /* InfoPlist.strings in Resources */,
				8A6B1A0B15485D7900B74F05 /* Localizable.strings in Resources */,
				8A6B1A0F15485D7900B74F05 /* Localizable.strings in Resources */,
				8A6B1A1315485D7900B74F05 /* Localizable.strings in Resources */,
				8A6B1A1715485D7900B74F05 /* Localizable.strings in Resources */,
				8A6B1A1A15485D7900B74F05 /* icon.png in Resources */,
				8A6B1A1C15485D7900B74F05 /* icon@2x.png in Resources */,
				8A6B1A1E15485D7900B74F05 /* icon-72.png in Resources */,
				8A6B1A2115485D7900B74F05 /* Default.png in Resources */,
				8A6B1A2315485D7900B74F05 /* Default@2x.png in Resources */,
				8A6B1A2515485D7900B74F05 /* Capture.bundle in Resources */,
				8A6B1A2715485D7900B74F05 /* Cordova.plist in Resources */,
				8A6B1A3015485D7900B74F05 /* MainViewController.xib in Resources */,
				8A6B1A3415485D7900B74F05 /* verify.sh in Resources */,
				8A6B1A4515485DE500B74F05 /* www in Resources */,
			);
			runOnlyForDeploymentPostprocessing = 0;
		};
/* End PBXResourcesBuildPhase section */

/* Begin PBXShellScriptBuildPhase section */
		8A6B19DC15485D7800B74F05 /* ShellScript */ = {
			isa = PBXShellScriptBuildPhase;
			buildActionMask = 2147483647;
			files = (
			);
			inputPaths = (
			);
			outputPaths = (
			);
			runOnlyForDeploymentPostprocessing = 0;
			shellPath = /bin/bash;
			shellScript = "\n\t\t\t\t\t\t\t\tchmod 755 \"$PROJECT_DIR/$PROJECT_NAME/verify.sh\"\n\t\t\t\t\t\t\t\t\"$PROJECT_DIR/$PROJECT_NAME/verify.sh\"\n\t\t\t\t\t";
		};
/* End PBXShellScriptBuildPhase section */

/* Begin PBXSourcesBuildPhase section */
		8A6B19D715485D7800B74F05 /* Sources */ = {
			isa = PBXSourcesBuildPhase;
			buildActionMask = 2147483647;
			files = (
				8A6B1A0315485D7900B74F05 /* main.m in Sources */,
				8A6B1A2B15485D7900B74F05 /* AppDelegate.m in Sources */,
				8A6B1A2E15485D7900B74F05 /* MainViewController.m in Sources */,
			);
			runOnlyForDeploymentPostprocessing = 0;
		};
		8A6B19DA15485D7800B74F05 /* Sources */ = {
			isa = PBXSourcesBuildPhase;
			buildActionMask = 2147483647;
			files = (
			);
			runOnlyForDeploymentPostprocessing = 0;
		};
/* End PBXSourcesBuildPhase section */

/* Begin PBXVariantGroup section */
		8A6B19FF15485D7900B74F05 /* InfoPlist.strings */ = {
			isa = PBXVariantGroup;
			children = (
				8A6B1A0015485D7900B74F05 /* en */,
			);
			name = InfoPlist.strings;
			sourceTree = "<group>";
		};
		8A6B1A0915485D7900B74F05 /* Localizable.strings */ = {
			isa = PBXVariantGroup;
			children = (
				8A6B1A0A15485D7900B74F05 /* en */,
			);
			name = Localizable.strings;
			sourceTree = "<group>";
		};
		8A6B1A0D15485D7900B74F05 /* Localizable.strings */ = {
			isa = PBXVariantGroup;
			children = (
				8A6B1A0E15485D7900B74F05 /* es */,
			);
			name = Localizable.strings;
			sourceTree = "<group>";
		};
		8A6B1A1115485D7900B74F05 /* Localizable.strings */ = {
			isa = PBXVariantGroup;
			children = (
				8A6B1A1215485D7900B74F05 /* de */,
			);
			name = Localizable.strings;
			sourceTree = "<group>";
		};
		8A6B1A1515485D7900B74F05 /* Localizable.strings */ = {
			isa = PBXVariantGroup;
			children = (
				8A6B1A1615485D7900B74F05 /* se */,
			);
			name = Localizable.strings;
			sourceTree = "<group>";
		};
/* End PBXVariantGroup section */

/* Begin XCBuildConfiguration section */
		8A6B1A3515485D7900B74F05 /* Debug */ = {
			isa = XCBuildConfiguration;
			buildSettings = {
				ALWAYS_SEARCH_USER_PATHS = NO;
				ARCHS = (
					armv6,
					"$(ARCHS_STANDARD_32_BIT)",
				);
				"CODE_SIGN_IDENTITY[sdk=iphoneos*]" = "iPhone Developer";
				COPY_PHASE_STRIP = NO;
				GCC_C_LANGUAGE_STANDARD = gnu99;
				GCC_DYNAMIC_NO_PIC = NO;
				GCC_OPTIMIZATION_LEVEL = 0;
				GCC_PREPROCESSOR_DEFINITIONS = (
					"DEBUG=1",
					"$(inherited)",
				);
				GCC_SYMBOLS_PRIVATE_EXTERN = NO;
				GCC_VERSION = com.apple.compilers.llvm.clang.1_0;
				GCC_WARN_ABOUT_RETURN_TYPE = YES;
				GCC_WARN_UNINITIALIZED_AUTOS = YES;
				GCC_WARN_UNUSED_VARIABLE = YES;
				IPHONEOS_DEPLOYMENT_TARGET = 3.0;
				SDKROOT = iphoneos;
			};
			name = Debug;
		};
		8A6B1A3615485D7900B74F05 /* Release */ = {
			isa = XCBuildConfiguration;
			buildSettings = {
				ALWAYS_SEARCH_USER_PATHS = NO;
				ARCHS = (
					armv6,
					"$(ARCHS_STANDARD_32_BIT)",
				);
				"CODE_SIGN_IDENTITY[sdk=iphoneos*]" = "iPhone Developer";
				COPY_PHASE_STRIP = YES;
				GCC_C_LANGUAGE_STANDARD = gnu99;
				GCC_VERSION = com.apple.compilers.llvm.clang.1_0;
				GCC_WARN_ABOUT_RETURN_TYPE = YES;
				GCC_WARN_UNINITIALIZED_AUTOS = YES;
				GCC_WARN_UNUSED_VARIABLE = YES;
				IPHONEOS_DEPLOYMENT_TARGET = 3.0;
				SDKROOT = iphoneos;
				VALIDATE_PRODUCT = YES;
			};
			name = Release;
		};
		8A6B1A3815485D7900B74F05 /* Debug */ = {
			isa = XCBuildConfiguration;
			buildSettings = {
				ALWAYS_SEARCH_USER_PATHS = YES;
				CODE_SIGN_IDENTITY = "iPhone Developer: fabian boulegue (7U338PL287)";
				COPY_PHASE_STRIP = NO;
				FRAMEWORK_SEARCH_PATHS = /Users/Shared/Cordova/Frameworks;
				GCC_DYNAMIC_NO_PIC = NO;
				GCC_PRECOMPILE_PREFIX_HEADER = YES;
				GCC_PREFIX_HEADER = "Bathe/Bathe-Prefix.pch";
				GCC_PREPROCESSOR_DEFINITIONS = (
					"DEBUG=1,",
					"CORDOVA_FRAMEWORK=1",
				);
				INFOPLIST_FILE = "Bathe/Bathe-Info.plist";
				OTHER_LDFLAGS = (
					"-weak_framework",
					UIKit,
					"-weak_framework",
					AVFoundation,
					"-weak_framework",
					CoreMedia,
					"-weak_library",
					/usr/lib/libSystem.B.dylib,
				);
				PRODUCT_NAME = "$(TARGET_NAME)";
				PROVISIONING_PROFILE = "6EEA5C41-7B87-422A-AB48-AE9A960EDAB4";
				TARGETED_DEVICE_FAMILY = "1,2";
				WRAPPER_EXTENSION = app;
			};
			name = Debug;
		};
		8A6B1A3915485D7900B74F05 /* Release */ = {
			isa = XCBuildConfiguration;
			buildSettings = {
				ALWAYS_SEARCH_USER_PATHS = YES;
				CODE_SIGN_IDENTITY = "iPhone Developer: fabian boulegue (7U338PL287)";
				COPY_PHASE_STRIP = YES;
				DEBUG_INFORMATION_FORMAT = "dwarf-with-dsym";
				FRAMEWORK_SEARCH_PATHS = /Users/Shared/Cordova/Frameworks;
				GCC_PRECOMPILE_PREFIX_HEADER = YES;
				GCC_PREFIX_HEADER = "Bathe/Bathe-Prefix.pch";
				GCC_PREPROCESSOR_DEFINITIONS = (
					"NDEBUG=1,",
					"CORDOVA_FRAMEWORK=1",
				);
				INFOPLIST_FILE = "Bathe/Bathe-Info.plist";
				OTHER_LDFLAGS = (
					"-weak_framework",
					UIKit,
					"-weak_framework",
					AVFoundation,
					"-weak_framework",
					CoreMedia,
					"-weak_library",
					/usr/lib/libSystem.B.dylib,
				);
				PRODUCT_NAME = "$(TARGET_NAME)";
				PROVISIONING_PROFILE = "6EEA5C41-7B87-422A-AB48-AE9A960EDAB4";
				TARGETED_DEVICE_FAMILY = "1,2";
				VALIDATE_PRODUCT = YES;
				WRAPPER_EXTENSION = app;
			};
			name = Release;
		};
/* End XCBuildConfiguration section */

/* Begin XCConfigurationList section */
		8A6B19D515485D7800B74F05 /* Build configuration list for PBXProject "Bathe" */ = {
			isa = XCConfigurationList;
			buildConfigurations = (
				8A6B1A3515485D7900B74F05 /* Debug */,
				8A6B1A3615485D7900B74F05 /* Release */,
			);
			defaultConfigurationIsVisible = 0;
			defaultConfigurationName = Release;
		};
		8A6B1A3715485D7900B74F05 /* Build configuration list for PBXNativeTarget "Bathe" */ = {
			isa = XCConfigurationList;
			buildConfigurations = (
				8A6B1A3815485D7900B74F05 /* Debug */,
				8A6B1A3915485D7900B74F05 /* Release */,
			);
			defaultConfigurationIsVisible = 0;
			defaultConfigurationName = Release;
		};
/* End XCConfigurationList section */
	};
	rootObject = 8A6B19D215485D7800B74F05 /* Project object */;
}
